<?xml version="1.0" encoding="utf-8"?>
<Project ToolsVersion="4.0" xmlns="http://schemas.microsoft.com/developer/msbuild/2003">
  <ItemGroup>
    <Filter Include="Source Files">
      <UniqueIdentifier>{4FC737F1-C7A5-4376-A066-2A32D752A2FF}</UniqueIdentifier>
      <Extensions>cpp;c;cc;cxx;c++;cppm;ixx;def;odl;idl;hpj;bat;asm;asmx</Extensions>
    </Filter>
    <Filter Include="Header Files">
      <UniqueIdentifier>{93995380-89BD-4b04-88EB-625FBE52EBFB}</UniqueIdentifier>
      <Extensions>h;hh;hpp;hxx;h++;hm;inl;inc;ipp;xsd</Extensions>
    </Filter>
    <Filter Include="Resource Files">
      <UniqueIdentifier>{67DA6AB6-F800-4c08-8B7A-83BB121AAD01}</UniqueIdentifier>
      <Extensions>rc;ico;cur;bmp;dlg;rc2;rct;bin;rgs;gif;jpg;jpeg;jpe;resx;tiff;tif;png;wav;mfcribbon-ms</Extensions>
    </Filter>
    <Filter Include="Main">
      <UniqueIdentifier>{416d0412-6b0e-401f-a3c6-b4f1ec6aee79}</UniqueIdentifier>
    </Filter>
    <Filter Include="Engine">
      <UniqueIdentifier>{248fafe0-4624-42e6-9f6a-1c5883dfce67}</UniqueIdentifier>
    </Filter>
    <Filter Include="Config">
      <UniqueIdentifier>{97c79c9c-148a-4605-99fc-abf4eec21604}</UniqueIdentifier>
    </Filter>
    <Filter Include="Dinosaur">
      <UniqueIdentifier>{9fec12cc-c92e-45dd-837b-4f5b8cdfb010}</UniqueIdentifier>
    </Filter>
    <Filter Include="StartPlatform">
      <UniqueIdentifier>{6720f6a9-19cf-4e1a-bfe7-bb0d142b343e}</UniqueIdentifier>
    </Filter>
    <Filter Include="BackgroundObjects">
      <UniqueIdentifier>{c9ac7b75-1070-4833-83a1-c6c68b43b445}</UniqueIdentifier>
    </Filter>
    <Filter Include="GameInterface">
      <UniqueIdentifier>{835a10bf-39fb-4acc-ad79-c312c8e74b5d}</UniqueIdentifier>
    </Filter>
  </ItemGroup>
  <ItemGroup>
    <ClInclude Include="framework.h">
      <Filter>Header Files</Filter>
    </ClInclude>
    <ClInclude Include="targetver.h">
      <Filter>Header Files</Filter>
    </ClInclude>
    <ClInclude Include="Resource.h">
      <Filter>Header Files</Filter>
    </ClInclude>
    <ClInclude Include="Main.h">
      <Filter>Main</Filter>
    </ClInclude>
    <ClInclude Include="Engine.h">
      <Filter>Engine</Filter>
    </ClInclude>
    <ClInclude Include="Config.h">
      <Filter>Config</Filter>
    </ClInclude>
    <ClInclude Include="Dinosaur.h">
      <Filter>Dinosaur</Filter>
    </ClInclude>
    <ClInclude Include="BackgroundObjects.h">
      <Filter>BackgroundObjects</Filter>
    </ClInclude>
    <ClInclude Include="StartPlatform.h">
      <Filter>StartPlatform</Filter>
    </ClInclude>
    <ClInclude Include="GameInterface.h">
      <Filter>GameInterface</Filter>
    </ClInclude>
  </ItemGroup>
  <ItemGroup>
    <ResourceCompile Include="Tamagochi.rc">
      <Filter>Resource Files</Filter>
    </ResourceCompile>
  </ItemGroup>
  <ItemGroup>
    <Image Include="small.ico">
      <Filter>Resource Files</Filter>
    </Image>
    <Image Include="Tamagochi.ico">
      <Filter>Resource Files</Filter>
    </Image>
  </ItemGroup>
  <ItemGroup>
    <ClCompile Include="Main.cpp">
      <Filter>Main</Filter>
    </ClCompile>
    <ClCompile Include="Engine.cpp">
      <Filter>Engine</Filter>
    </ClCompile>
    <ClCompile Include="Config.cpp">
      <Filter>Config</Filter>
    </ClCompile>
    <ClCompile Include="Dinosaur.cpp">
      <Filter>Dinosaur</Filter>
    </ClCompile>
    <ClCompile Include="StartPlatform.cpp">
      <Filter>StartPlatform</Filter>
    </ClCompile>
    <ClCompile Include="BackgroundObjects.cpp">
      <Filter>BackgroundObjects</Filter>
    </ClCompile>
    <ClCompile Include="GameInterface.cpp">
      <Filter>GameInterface</Filter>
    </ClCompile>
  </ItemGroup>
</Project>